// !$*UTF8*$!
{
	archiveVersion = 1;
	classes = {
	};
	objectVersion = 46;
	objects = {

/* Begin PBXBuildFile section */
		75E3DEA41EB970AC00B00EAD /* AppDelegate.swift in Sources */ = {isa = PBXBuildFile; fileRef = 75E3DEA31EB970AC00B00EAD /* AppDelegate.swift */; };
		75E3DEA61EB970AC00B00EAD /* ViewController.swift in Sources */ = {isa = PBXBuildFile; fileRef = 75E3DEA51EB970AC00B00EAD /* ViewController.swift */; };
		75E3DEA91EB970AC00B00EAD /* Main.storyboard in Resources */ = {isa = PBXBuildFile; fileRef = 75E3DEA71EB970AC00B00EAD /* Main.storyboard */; };
		75E3DEAB1EB970AC00B00EAD /* Assets.xcassets in Resources */ = {isa = PBXBuildFile; fileRef = 75E3DEAA1EB970AC00B00EAD /* Assets.xcassets */; };
		75E3DEAE1EB970AD00B00EAD /* LaunchScreen.storyboard in Resources */ = {isa = PBXBuildFile; fileRef = 75E3DEAC1EB970AD00B00EAD /* LaunchScreen.storyboard */; };
		75E3DEB71EB9712F00B00EAD /* MapKit.framework in Frameworks */ = {isa = PBXBuildFile; fileRef = 75E3DEB61EB9712F00B00EAD /* MapKit.framework */; };
		75E3DEBB1EB9722700B00EAD /* HeaderTableViewCell.swift in Sources */ = {isa = PBXBuildFile; fileRef = 75E3DEBA1EB9722700B00EAD /* HeaderTableViewCell.swift */; };
/* End PBXBuildFile section */

/* Begin PBXFileReference section */
		75E3DEA01EB970AC00B00EAD /* TableViewExpandible.app */ = {isa = PBXFileReference; explicitFileType = wrapper.application; includeInIndex = 0; path = TableViewExpandible.app; sourceTree = BUILT_PRODUCTS_DIR; };
		75E3DEA31EB970AC00B00EAD /* AppDelegate.swift */ = {isa = PBXFileReference; lastKnownFileType = sourcecode.swift; path = AppDelegate.swift; sourceTree = "<group>"; };
		75E3DEA51EB970AC00B00EAD /* ViewController.swift */ = {isa = PBXFileReference; lastKnownFileType = sourcecode.swift; path = ViewController.swift; sourceTree = "<group>"; };
		75E3DEA81EB970AC00B00EAD /* Base */ = {isa = PBXFileReference; lastKnownFileType = file.storyboard; name = Base; path = Base.lproj/Main.storyboard; sourceTree = "<group>"; };
		75E3DEAA1EB970AC00B00EAD /* Assets.xcassets */ = {isa = PBXFileReference; lastKnownFileType = folder.assetcatalog; path = Assets.xcassets; sourceTree = "<group>"; };
		75E3DEAD1EB970AD00B00EAD /* Base */ = {isa = PBXFileReference; lastKnownFileType = file.storyboard; name = Base; path = Base.lproj/LaunchScreen.storyboard; sourceTree = "<group>"; };
		75E3DEAF1EB970AD00B00EAD /* Info.plist */ = {isa = PBXFileReference; lastKnownFileType = text.plist.xml; path = Info.plist; sourceTree = "<group>"; };
		75E3DEB61EB9712F00B00EAD /* MapKit.framework */ = {isa = PBXFileReference; lastKnownFileType = wrapper.framework; name = MapKit.framework; path = System/Library/Frameworks/MapKit.framework; sourceTree = SDKROOT; };
		75E3DEBA1EB9722700B00EAD /* HeaderTableViewCell.swift */ = {isa = PBXFileReference; fileEncoding = 4; lastKnownFileType = sourcecode.swift; path = HeaderTableViewCell.swift; sourceTree = "<group>"; };
/* End PBXFileReference section */

/* Begin PBXFrameworksBuildPhase section */
		75E3DE9D1EB970AC00B00EAD /* Frameworks */ = {
			isa = PBXFrameworksBuildPhase;
			buildActionMask = 2147483647;
			files = (
				75E3DEB71EB9712F00B00EAD /* MapKit.framework in Frameworks */,
			);
			runOnlyForDeploymentPostprocessing = 0;
		};
/* End PBXFrameworksBuildPhase section */

/* Begin PBXGroup section */
		75E3DE971EB970AC00B00EAD = {
			isa = PBXGroup;
			children = (
				75E3DEA21EB970AC00B00EAD /* TableViewExpandible */,
				75E3DEA11EB970AC00B00EAD /* Products */,
				75E3DEB51EB9712F00B00EAD /* Frameworks */,
			);
			sourceTree = "<group>";
		};
		75E3DEA11EB970AC00B00EAD /* Products */ = {
			isa = PBXGroup;
			children = (
				75E3DEA01EB970AC00B00EAD /* TableViewExpandible.app */,
			);
			name = Products;
			sourceTree = "<group>";
		};
		75E3DEA21EB970AC00B00EAD /* TableViewExpandible */ = {
			isa = PBXGroup;
			children = (
				75E3DEA31EB970AC00B00EAD /* AppDelegate.swift */,
				75E3DEA51EB970AC00B00EAD /* ViewController.swift */,
				75E3DEA71EB970AC00B00EAD /* Main.storyboard */,
				75E3DEAA1EB970AC00B00EAD /* Assets.xcassets */,
				75E3DEAC1EB970AD00B00EAD /* LaunchScreen.storyboard */,
				75E3DEAF1EB970AD00B00EAD /* Info.plist */,
				75E3DEBA1EB9722700B00EAD /* HeaderTableViewCell.swift */,
			);
			path = TableViewExpandible;
			sourceTree = "<group>";
		};
		75E3DEB51EB9712F00B00EAD /* Frameworks */ = {
			isa = PBXGroup;
			children = (
				75E3DEB61EB9712F00B00EAD /* MapKit.framework */,
			);
			name = Frameworks;
			sourceTree = "<group>";
		};
/* End PBXGroup section */

/* Begin PBXNativeTarget section */
		75E3DE9F1EB970AC00B00EAD /* TableViewExpandible */ = {
			isa = PBXNativeTarget;
			buildConfigurationList = 75E3DEB21EB970AD00B00EAD /* Build configuration list for PBXNativeTarget "TableViewExpandible" */;
			buildPhases = (
				75E3DE9C1EB970AC00B00EAD /* Sources */,
				75E3DE9D1EB970AC00B00EAD /* Frameworks */,
				75E3DE9E1EB970AC00B00EAD /* Resources */,
			);
			buildRules = (
			);
			dependencies = (
			);
			name = TableViewExpandible;
			productName = TableViewExpandible;
			productReference = 75E3DEA01EB970AC00B00EAD /* TableViewExpandible.app */;
			productType = "com.apple.product-type.application";
		};
/* End PBXNativeTarget section */

/* Begin PBXProject section */
		75E3DE981EB970AC00B00EAD /* Project object */ = {
			isa = PBXProject;
			attributes = {
				LastSwiftUpdateCheck = 0830;
				LastUpgradeCheck = 0830;
				ORGANIZATIONNAME = iccanche;
				TargetAttributes = {
					75E3DE9F1EB970AC00B00EAD = {
						CreatedOnToolsVersion = 8.3.1;
						DevelopmentTeam = 87853Z5K9W;
						ProvisioningStyle = Automatic;
					};
				};
			};
			buildConfigurationList = 75E3DE9B1EB970AC00B00EAD /* Build configuration list for PBXProject "TableViewExpandible" */;
			compatibilityVersion = "Xcode 3.2";
			developmentRegion = English;
			hasScannedForEncodings = 0;
			knownRegions = (
				en,
				Base,
			);
			mainGroup = 75E3DE971EB970AC00B00EAD;
			productRefGroup = 75E3DEA11EB970AC00B00EAD /* Products */;
			projectDirPath = "";
			projectRoot = "";
			targets = (
				75E3DE9F1EB970AC00B00EAD /* TableViewExpandible */,
			);
		};
/* End PBXProject section */

/* Begin PBXResourcesBuildPhase section */
		75E3DE9E1EB970AC00B00EAD /* Resources */ = {
			isa = PBXResourcesBuildPhase;
			buildActionMask = 2147483647;
			files = (
				75E3DEAE1EB970AD00B00EAD /* LaunchScreen.storyboard in Resources */,
				75E3DEAB1EB970AC00B00EAD /* Assets.xcassets in Resources */,
				75E3DEA91EB970AC00B00EAD /* Main.storyboard in Resources */,
			);
			runOnlyForDeploymentPostprocessing = 0;
		};
/* End PBXResourcesBuildPhase section */

/* Begin PBXSourcesBuildPhase section */
		75E3DE9C1EB970AC00B00EAD /* Sources */ = {
			isa = PBXSourcesBuildPhase;
			buildActionMask = 2147483647;
			files = (
				75E3DEA61EB970AC00B00EAD /* ViewController.swift in Sources */,
				75E3DEBB1EB9722700B00EAD /* HeaderTableViewCell.swift in Sources */,
				75E3DEA41EB970AC00B00EAD /* AppDelegate.swift in Sources */,
			);
			runOnlyForDeploymentPostprocessing = 0;
		};
/* End PBXSourcesBuildPhase section */

/* Begin PBXVariantGroup section */
		75E3DEA71EB970AC00B00EAD /* Main.storyboard */ = {
			isa = PBXVariantGroup;
			children = (
				75E3DEA81EB970AC00B00EAD /* Base */,
			);
			name = Main.storyboard;
			sourceTree = "<group>";
		};
		75E3DEAC1EB970AD00B00EAD /* LaunchScreen.storyboard */ = {
			isa = PBXVariantGroup;
			children = (
				75E3DEAD1EB970AD00B00EAD /* Base */,
			);
			name = LaunchScreen.storyboard;
			sourceTree = "<group>";
		};
/* End PBXVariantGroup section */

/* Begin XCBuildConfiguration section */
		75E3DEB01EB970AD00B00EAD /* Debug */ = {
			isa = XCBuildConfiguration;
			buildSettings = {
				ALWAYS_SEARCH_USER_PATHS = NO;
				CLANG_ANALYZER_NONNULL = YES;
				CLANG_ANALYZER_NUMBER_OBJECT_CONVERSION = YES_AGGRESSIVE;
				CLANG_CXX_LANGUAGE_STANDARD = "gnu++0x";
				CLANG_CXX_LIBRARY = "libc++";
				CLANG_ENABLE_MODULES = YES;
				CLANG_ENABLE_OBJC_ARC = YES;
				CLANG_WARN_BOOL_CONVERSION = YES;
				CLANG_WARN_CONSTANT_CONVERSION = YES;
				CLANG_WARN_DIRECT_OBJC_ISA_USAGE = YES_ERROR;
				CLANG_WARN_DOCUMENTATION_COMMENTS = YES;
				CLANG_WARN_EMPTY_BODY = YES;
				CLANG_WARN_ENUM_CONVERSION = YES;
				CLANG_WARN_INFINITE_RECURSION = YES;
				CLANG_WARN_INT_CONVERSION = YES;
				CLANG_WARN_OBJC_ROOT_CLASS = YES_ERROR;
				CLANG_WARN_SUSPICIOUS_MOVE = YES;
				CLANG_WARN_UNREACHABLE_CODE = YES;
				CLANG_WARN__DUPLICATE_METHOD_MATCH = YES;
				"CODE_SIGN_IDENTITY[sdk=iphoneos*]" = "iPhone Developer";
				COPY_PHASE_STRIP = NO;
				DEBUG_INFORMATION_FORMAT = dwarf;
				ENABLE_STRICT_OBJC_MSGSEND = YES;
				ENABLE_TESTABILITY = YES;
				GCC_C_LANGUAGE_STANDARD = gnu99;
				GCC_DYNAMIC_NO_PIC = NO;
				GCC_NO_COMMON_BLOCKS = YES;
				GCC_OPTIMIZATION_LEVEL = 0;
				GCC_PREPROCESSOR_DEFINITIONS = (
					"DEBUG=1",
					"$(inherited)",
				);
				GCC_WARN_64_TO_32_BIT_CONVERSION = YES;
				GCC_WARN_ABOUT_RETURN_TYPE = YES_ERROR;
				GCC_WARN_UNDECLARED_SELECTOR = YES;
				GCC_WARN_UNINITIALIZED_AUTOS = YES_AGGRESSIVE;
				GCC_WARN_UNUSED_FUNCTION = YES;
				GCC_WARN_UNUSED_VARIABLE = YES;
				IPHONEOS_DEPLOYMENT_TARGET = 10.3;
				MTL_ENABLE_DEBUG_INFO = YES;
				ONLY_ACTIVE_ARCH = YES;
				SDKROOT = iphoneos;
				SWIFT_ACTIVE_COMPILATION_CONDITIONS = DEBUG;
				SWIFT_OPTIMIZATION_LEVEL = "-Onone";
			};
			name = Debug;
		};
		75E3DEB11EB970AD00B00EAD /* Release */ = {
			isa = XCBuildConfiguration;
			buildSettings = {
				ALWAYS_SEARCH_USER_PATHS = NO;
				CLANG_ANALYZER_NONNULL = YES;
				CLANG_ANALYZER_NUMBER_OBJECT_CONVERSION = YES_AGGRESSIVE;
				CLANG_CXX_LANGUAGE_STANDARD = "gnu++0x";
				CLANG_CXX_LIBRARY = "libc++";
				CLANG_ENABLE_MODULES = YES;
				CLANG_ENABLE_OBJC_ARC = YES;
				CLANG_WARN_BOOL_CONVERSION = YES;
				CLANG_WARN_CONSTANT_CONVERSION = YES;
				CLANG_WARN_DIRECT_OBJC_ISA_USAGE = YES_ERROR;
				CLANG_WARN_DOCUMENTATION_COMMENTS = YES;
				CLANG_WARN_EMPTY_BODY = YES;
				CLANG_WARN_ENUM_CONVERSION = YES;
				CLANG_WARN_INFINITE_RECURSION = YES;
				CLANG_WARN_INT_CONVERSION = YES;
				CLANG_WARN_OBJC_ROOT_CLASS = YES_ERROR;
				CLANG_WARN_SUSPICIOUS_MOVE = YES;
				CLANG_WARN_UNREACHABLE_CODE = YES;
				CLANG_WARN__DUPLICATE_METHOD_MATCH = YES;
				"CODE_SIGN_IDENTITY[sdk=iphoneos*]" = "iPhone Developer";
				COPY_PHASE_STRIP = NO;
				DEBUG_INFORMATION_FORMAT = "dwarf-with-dsym";
				ENABLE_NS_ASSERTIONS = NO;
				ENABLE_STRICT_OBJC_MSGSEND = YES;
				GCC_C_LANGUAGE_STANDARD = gnu99;
				GCC_NO_COMMON_BLOCKS = YES;
				GCC_WARN_64_TO_32_BIT_CONVERSION = YES;
				GCC_WARN_ABOUT_RETURN_TYPE = YES_ERROR;
				GCC_WARN_UNDECLARED_SELECTOR = YES;
				GCC_WARN_UNINITIALIZED_AUTOS = YES_AGGRESSIVE;
				GCC_WARN_UNUSED_FUNCTION = YES;
				GCC_WARN_UNUSED_VARIABLE = YES;
				IPHONEOS_DEPLOYMENT_TARGET = 10.3;
				MTL_ENABLE_DEBUG_INFO = NO;
				SDKROOT = iphoneos;
				SWIFT_OPTIMIZATION_LEVEL = "-Owholemodule";
				VALIDATE_PRODUCT = YES;
			};
			name = Release;
		};
		75E3DEB31EB970AD00B00EAD /* Debug */ = {
			isa = XCBuildConfiguration;
			buildSettings = {
				ASSETCATALOG_COMPILER_APPICON_NAME = AppIcon;
				DEVELOPMENT_TEAM = 87853Z5K9W;
				INFOPLIST_FILE = TableViewExpandible/Info.plist;
				LD_RUNPATH_SEARCH_PATHS = "$(inherited) @executable_path/Frameworks";
				PRODUCT_BUNDLE_IDENTIFIER = com.iccanche.TableViewExpandible;
				PRODUCT_NAME = "$(TARGET_NAME)";
				SWIFT_VERSION = 3.0;
			};
			name = Debug;
		};
		75E3DEB41EB970AD00B00EAD /* Release */ = {
			isa = XCBuildConfiguration;
			buildSettings = {
				ASSETCATALOG_COMPILER_APPICON_NAME = AppIcon;
				DEVELOPMENT_TEAM = 87853Z5K9W;
				INFOPLIST_FILE = TableViewExpandible/Info.plist;
				LD_RUNPATH_SEARCH_PATHS = "$(inherited) @executable_path/Frameworks";
				PRODUCT_BUNDLE_IDENTIFIER = com.iccanche.TableViewExpandible;
				PRODUCT_NAME = "$(TARGET_NAME)";
				SWIFT_VERSION = 3.0;
			};
			name = Release;
		};
/* End XCBuildConfiguration section */

/* Begin XCConfigurationList section */
		75E3DE9B1EB970AC00B00EAD /* Build configuration list for PBXProject "TableViewExpandible" */ = {
			isa = XCConfigurationList;
			buildConfigurations = (
				75E3DEB01EB970AD00B00EAD /* Debug */,
				75E3DEB11EB970AD00B00EAD /* Release */,
			);
			defaultConfigurationIsVisible = 0;
			defaultConfigurationName = Release;
		};
		75E3DEB21EB970AD00B00EAD /* Build configuration list for PBXNativeTarget "TableViewExpandible" */ = {
			isa = XCConfigurationList;
			buildConfigurations = (
				75E3DEB31EB970AD00B00EAD /* Debug */,
				75E3DEB41EB970AD00B00EAD /* Release */,
			);
			defaultConfigurationIsVisible = 0;
		};
/* End XCConfigurationList section */
	};
	rootObject = 75E3DE981EB970AC00B00EAD /* Project object */;
}
